
Microsoft Visual Studio Solution File, Format Version 12.00
# Visual Studio Version 17
VisualStudioVersion = 17.0.31919.166
MinimumVisualStudioVersion = 10.0.40219.1
Project("{9A19103F-16F7-4668-BE54-9A1E7A4F7556}") = "SecurityPractice.Common", "source\SecurityPractice.Common\SecurityPractice.Common.csproj", "{72507371-DB2D-4494-8BA2-CB423EAA52F3}"
EndProject
Project("{9A19103F-16F7-4668-BE54-9A1E7A4F7556}") = "SecurityPractice.Domain", "source\SecurityPractice.Domain\SecurityPractice.Domain.csproj", "{8B839541-8264-44A7-9F9C-FB7EB6A5D700}"
EndProject
Project("{9A19103F-16F7-4668-BE54-9A1E7A4F7556}") = "SecurityPractice.Infrastructure", "source\SecurityPractice.Infrastructure\SecurityPractice.Infrastructure.csproj", "{3E4271EE-C67A-43E4-80BA-CDE70C45BD9A}"
EndProject
Global
	GlobalSection(SolutionConfigurationPlatforms) = preSolution
		Debug|Any CPU = Debug|Any CPU
		Release|Any CPU = Release|Any CPU
	EndGlobalSection
	GlobalSection(ProjectConfigurationPlatforms) = postSolution
		{72507371-DB2D-4494-8BA2-CB423EAA52F3}.Debug|Any CPU.ActiveCfg = Debug|Any CPU
		{72507371-DB2D-4494-8BA2-CB423EAA52F3}.Debug|Any CPU.Build.0 = Debug|Any CPU
		{72507371-DB2D-4494-8BA2-CB423EAA52F3}.Release|Any CPU.ActiveCfg = Release|Any CPU
		{72507371-DB2D-4494-8BA2-CB423EAA52F3}.Release|Any CPU.Build.0 = Release|Any CPU
		{8B839541-8264-44A7-9F9C-FB7EB6A5D700}.Debug|Any CPU.ActiveCfg = Debug|Any CPU
		{8B839541-8264-44A7-9F9C-FB7EB6A5D700}.Debug|Any CPU.Build.0 = Debug|Any CPU
		{8B839541-8264-44A7-9F9C-FB7EB6A5D700}.Release|Any CPU.ActiveCfg = Release|Any CPU
		{8B839541-8264-44A7-9F9C-FB7EB6A5D700}.Release|Any CPU.Build.0 = Release|Any CPU
		{3E4271EE-C67A-43E4-80BA-CDE70C45BD9A}.Debug|Any CPU.ActiveCfg = Debug|Any CPU
		{3E4271EE-C67A-43E4-80BA-CDE70C45BD9A}.Debug|Any CPU.Build.0 = Debug|Any CPU
		{3E4271EE-C67A-43E4-80BA-CDE70C45BD9A}.Release|Any CPU.ActiveCfg = Release|Any CPU
		{3E4271EE-C67A-43E4-80BA-CDE70C45BD9A}.Release|Any CPU.Build.0 = Release|Any CPU
	EndGlobalSection
	GlobalSection(SolutionProperties) = preSolution
		HideSolutionNode = FALSE
	EndGlobalSection
	GlobalSection(ExtensibilityGlobals) = postSolution
		SolutionGuid = {F715F2B0-FCAC-4185-8DBE-8C9458B4136A}
	EndGlobalSection
EndGlobal
